
Microsoft Visual Studio Solution File, Format Version 12.00
# Visual Studio Version 17
VisualStudioVersion = 17.2.32616.157
MinimumVisualStudioVersion = 10.0.40219.1
Project("{FAE04EC0-301F-11D3-BF4B-00C04F79EFBC}") = "Hastane Bilgi Yönetim Sistemi", "Hastane Bilgi Yönetim Sistemi.csproj", "{81F386EB-AE4C-437E-B5E0-B38133BA52F6}"
EndProject
Global
	GlobalSection(SolutionConfigurationPlatforms) = preSolution
		Debug|Any CPU = Debug|Any CPU
		Release|Any CPU = Release|Any CPU
	EndGlobalSection
	GlobalSection(ProjectConfigurationPlatforms) = postSolution
		{81F386EB-AE4C-437E-B5E0-B38133BA52F6}.Debug|Any CPU.ActiveCfg = Debug|Any CPU
		{81F386EB-AE4C-437E-B5E0-B38133BA52F6}.Debug|Any CPU.Build.0 = Debug|Any CPU
		{81F386EB-AE4C-437E-B5E0-B38133BA52F6}.Release|Any CPU.ActiveCfg = Release|Any CPU
		{81F386EB-AE4C-437E-B5E0-B38133BA52F6}.Release|Any CPU.Build.0 = Release|Any CPU
	EndGlobalSection
	GlobalSection(SolutionProperties) = preSolution
		HideSolutionNode = FALSE
	EndGlobalSection
	GlobalSection(ExtensibilityGlobals) = postSolution
		SolutionGuid = {1CF3233A-8617-4D40-900E-E21B16D1AC9D}
	EndGlobalSection
EndGlobal
